<?xml version="1.0" encoding="utf-8"?>
<Project ToolsVersion="4.0" xmlns="http://schemas.microsoft.com/developer/msbuild/2003">
  <ItemGroup>
    <Filter Include="Fichiers sources">
      <UniqueIdentifier>{4FC737F1-C7A5-4376-A066-2A32D752A2FF}</UniqueIdentifier>
      <Extensions>cpp;c;cc;cxx;def;odl;idl;hpj;bat;asm;asmx</Extensions>
    </Filter>
    <Filter Include="Fichiers d%27en-tête">
      <UniqueIdentifier>{93995380-89BD-4b04-88EB-625FBE52EBFB}</UniqueIdentifier>
      <Extensions>h;hh;hpp;hxx;hm;inl;inc;xsd</Extensions>
    </Filter>
    <Filter Include="Fichiers de ressources">
      <UniqueIdentifier>{67DA6AB6-F800-4c08-8B7A-83BB121AAD01}</UniqueIdentifier>
      <Extensions>rc;ico;cur;bmp;dlg;rc2;rct;bin;rgs;gif;jpg;jpeg;jpe;resx;tiff;tif;png;wav;mfcribbon-ms</Extensions>
    </Filter>
  </ItemGroup>
  <ItemGroup>
    <ClCompile Include="src\ai.c">
      <Filter>Fichiers sources</Filter>
    </ClCompile>
    <ClCompile Include="src\camera.c">
      <Filter>Fichiers sources</Filter>
    </ClCompile>
    <ClCompile Include="src\core.c">
      <Filter>Fichiers sources</Filter>
    </ClCompile>
    <ClCompile Include="src\ennemy.c">
      <Filter>Fichiers sources</Filter>
    </ClCompile>
    <ClCompile Include="src\entity.c">
      <Filter>Fichiers sources</Filter>
    </ClCompile>
    <ClCompile Include="src\graphics.c">
      <Filter>Fichiers sources</Filter>
    </ClCompile>
    <ClCompile Include="src\gui.c">
      <Filter>Fichiers sources</Filter>
    </ClCompile>
    <ClCompile Include="src\init.c">
      <Filter>Fichiers sources</Filter>
    </ClCompile>
    <ClCompile Include="src\input.c">
      <Filter>Fichiers sources</Filter>
    </ClCompile>
    <ClCompile Include="src\main.c">
      <Filter>Fichiers sources</Filter>
    </ClCompile>
    <ClCompile Include="src\map.c">
      <Filter>Fichiers sources</Filter>
    </ClCompile>
    <ClCompile Include="src\projectile.c">
      <Filter>Fichiers sources</Filter>
    </ClCompile>
    <ClCompile Include="src\sound.c">
      <Filter>Fichiers sources</Filter>
    </ClCompile>
    <ClCompile Include="src\spawner.c">
      <Filter>Fichiers sources</Filter>
    </ClCompile>
    <ClCompile Include="src\text.c">
      <Filter>Fichiers sources</Filter>
    </ClCompile>
    <ClCompile Include="src\texture.c">
      <Filter>Fichiers sources</Filter>
    </ClCompile>
  </ItemGroup>
  <ItemGroup>
    <ClInclude Include="src\hdr\ai.h">
      <Filter>Fichiers d%27en-tête</Filter>
    </ClInclude>
    <ClInclude Include="src\hdr\camera.h">
      <Filter>Fichiers d%27en-tête</Filter>
    </ClInclude>
    <ClInclude Include="src\hdr\core.h">
      <Filter>Fichiers d%27en-tête</Filter>
    </ClInclude>
    <ClInclude Include="src\hdr\define.h">
      <Filter>Fichiers d%27en-tête</Filter>
    </ClInclude>
    <ClInclude Include="src\hdr\ennemy.h">
      <Filter>Fichiers d%27en-tête</Filter>
    </ClInclude>
    <ClInclude Include="src\hdr\entity.h">
      <Filter>Fichiers d%27en-tête</Filter>
    </ClInclude>
    <ClInclude Include="src\hdr\graphics.h">
      <Filter>Fichiers d%27en-tête</Filter>
    </ClInclude>
    <ClInclude Include="src\hdr\gui.h">
      <Filter>Fichiers d%27en-tête</Filter>
    </ClInclude>
    <ClInclude Include="src\hdr\init.h">
      <Filter>Fichiers d%27en-tête</Filter>
    </ClInclude>
    <ClInclude Include="src\hdr\input.h">
      <Filter>Fichiers d%27en-tête</Filter>
    </ClInclude>
    <ClInclude Include="src\hdr\map.h">
      <Filter>Fichiers d%27en-tête</Filter>
    </ClInclude>
    <ClInclude Include="src\hdr\projectile.h">
      <Filter>Fichiers d%27en-tête</Filter>
    </ClInclude>
    <ClInclude Include="src\hdr\sound.h">
      <Filter>Fichiers d%27en-tête</Filter>
    </ClInclude>
    <ClInclude Include="src\hdr\spawner.h">
      <Filter>Fichiers d%27en-tête</Filter>
    </ClInclude>
    <ClInclude Include="src\hdr\struct.h">
      <Filter>Fichiers d%27en-tête</Filter>
    </ClInclude>
    <ClInclude Include="src\hdr\text.h">
      <Filter>Fichiers d%27en-tête</Filter>
    </ClInclude>
    <ClInclude Include="src\hdr\texture.h">
      <Filter>Fichiers d%27en-tête</Filter>
    </ClInclude>
  </ItemGroup>
</Project>